{
  "version": 4,
  "terraform_version": "0.12.28",
  "serial": 1784,
  "lineage": "d1ec45c9-dfdb-15b0-2af3-925faf881441",
  "outputs": {
    "instance_public_ip_addresses": {
      "value": {
        "0": "10.1.103.183",
        "1": "10.1.101.80",
        "2": "10.1.102.195",
        "3": "10.1.103.254",
        "4": "10.1.101.97",
        "5": "10.1.102.209"
      },
      "type": [
        "object",
        {
          "0": "string",
          "1": "string",
          "2": "string",
          "3": "string",
          "4": "string",
          "5": "string"
        }
      ]
    },
    "instance_to_volume_map": {
      "value": {
        "i-00836d793b0bd90b1": "vol-0596186af97999c5b",
        "i-034561bb6c0a0305f": "vol-0f6eecf46d58e7972",
        "i-06f947fea02822e77": "vol-09925a29d248a2edc",
        "i-076f83f488de00ee9": "vol-0b725f5354674dab1",
        "i-07f8d96ec06da89a5": "vol-07d167136a8973245",
        "i-0bc257f1c3ad14eb3": "vol-03f991d984b638f1f"
      },
      "type": [
        "object",
        {
          "i-00836d793b0bd90b1": "string",
          "i-034561bb6c0a0305f": "string",
          "i-06f947fea02822e77": "string",
          "i-076f83f488de00ee9": "string",
          "i-07f8d96ec06da89a5": "string",
          "i-0bc257f1c3ad14eb3": "string"
        }
      ]
    }
  },
  "resources": [
    {
      "mode": "data",
      "type": "aws_ami",
      "name": "base_ami",
      "provider": "provider.aws",
      "instances": [
        {
          "schema_version": 0,
          "attributes": {
            "architecture": "x86_64",
            "arn": "arn:aws:ec2:us-east-1::image/ami-043779f39e2a79393",
            "block_device_mappings": [
              {
                "device_name": "/dev/sda1",
                "ebs": {
                  "delete_on_termination": "true",
                  "encrypted": "false",
                  "iops": "0",
                  "snapshot_id": "snap-08abf04af26fcbffb",
                  "volume_size": "10",
                  "volume_type": "gp2"
                },
                "no_device": "",
                "virtual_name": ""
              }
            ],
            "creation_date": "2020-08-05T19:27:09.000Z",
            "description": null,
            "executable_users": null,
            "filter": null,
            "hypervisor": "xen",
            "id": "ami-043779f39e2a79393",
            "image_id": "ami-043779f39e2a79393",
            "image_location": "702267635140/tio_base_centos7-2020-08-05T1859",
            "image_owner_alias": null,
            "image_type": "machine",
            "kernel_id": null,
            "most_recent": true,
            "name": "tio_base_centos7-2020-08-05T1859",
            "name_regex": "tio_base_centos7-*",
            "owner_id": "702267635140",
            "owners": [
              "702267635140"
            ],
            "platform": null,
            "product_codes": [],
            "public": false,
            "ramdisk_id": null,
            "root_device_name": "/dev/sda1",
            "root_device_type": "ebs",
            "root_snapshot_id": "snap-08abf04af26fcbffb",
            "sriov_net_support": "simple",
            "state": "available",
            "state_reason": {
              "code": "UNSET",
              "message": "UNSET"
            },
            "tags": {},
            "virtualization_type": "hvm"
          }
        }
      ]
    },
    {
      "mode": "data",
      "type": "aws_ebs_snapshot",
      "name": "data_vols",
      "each": "list",
      "provider": "provider.aws",
      "instances": [
        {
          "index_key": 0,
          "schema_version": 0,
          "attributes": {
            "arn": "arn:aws:ec2:us-east-1::snapshot/snap-08eaa3ab1839ead88",
            "data_encryption_key_id": "",
            "description": "testSnapshot",
            "encrypted": false,
            "filter": [
              {
                "name": "tag:Name",
                "values": [
                  "data-vol-*"
                ]
              }
            ],
            "id": "snap-08eaa3ab1839ead88",
            "kms_key_id": "",
            "most_recent": true,
            "owner_alias": "",
            "owner_id": "888316214391",
            "owners": [
              "self"
            ],
            "restorable_by_user_ids": null,
            "snapshot_id": "snap-08eaa3ab1839ead88",
            "snapshot_ids": [
              "snap-08eaa3ab1839ead88"
            ],
            "state": "completed",
            "tags": {
              "Contact": "Carlos",
              "CostCode": "22519",
              "Description": "DEV Cassandra Cluster",
              "Environment": "dev",
              "Name": "data-vol-5",
              "Orchestration": "",
              "Product": "Parity",
              "SubProduct": "RR",
              "availability_zone": "us-east-1b",
              "instance_private_ip": "10.1.102.32",
              "node_number": "5"
            },
            "volume_id": "vol-01a7a4c376302e8be",
            "volume_size": 200
          }
        },
        {
          "index_key": 1,
          "schema_version": 0,
          "attributes": {
            "arn": "arn:aws:ec2:us-east-1::snapshot/snap-0156da96b0771bfc3",
            "data_encryption_key_id": "",
            "description": "testSnapshot",
            "encrypted": false,
            "filter": [
              {
                "name": "tag:Name",
                "values": [
                  "data-vol-*"
                ]
              }
            ],
            "id": "snap-0156da96b0771bfc3",
            "kms_key_id": "",
            "most_recent": true,
            "owner_alias": "",
            "owner_id": "888316214391",
            "owners": [
              "self"
            ],
            "restorable_by_user_ids": null,
            "snapshot_id": "snap-0156da96b0771bfc3",
            "snapshot_ids": [
              "snap-0156da96b0771bfc3"
            ],
            "state": "completed",
            "tags": {
              "Contact": "Carlos",
              "CostCode": "22519",
              "Description": "DEV Cassandra Cluster",
              "Environment": "dev",
              "Name": "data-vol-3",
              "Orchestration": "",
              "Product": "Parity",
              "SubProduct": "RR",
              "availability_zone": "us-east-1c",
              "instance_private_ip": "10.1.103.177",
              "node_number": "3"
            },
            "volume_id": "vol-0bcc9111eb1dc8705",
            "volume_size": 200
          }
        },
        {
          "index_key": 2,
          "schema_version": 0,
          "attributes": {
            "arn": "arn:aws:ec2:us-east-1::snapshot/snap-0a558e35e48274b58",
            "data_encryption_key_id": "",
            "description": "testSnapshot",
            "encrypted": false,
            "filter": [
              {
                "name": "tag:Name",
                "values": [
                  "data-vol-*"
                ]
              }
            ],
            "id": "snap-0a558e35e48274b58",
            "kms_key_id": "",
            "most_recent": true,
            "owner_alias": "",
            "owner_id": "888316214391",
            "owners": [
              "self"
            ],
            "restorable_by_user_ids": null,
            "snapshot_id": "snap-0a558e35e48274b58",
            "snapshot_ids": [
              "snap-0a558e35e48274b58"
            ],
            "state": "completed",
            "tags": {
              "Contact": "Carlos",
              "CostCode": "22519",
              "Description": "DEV Cassandra Cluster",
              "Environment": "dev",
              "Name": "data-vol-0",
              "Orchestration": "",
              "Product": "Parity",
              "SubProduct": "RR",
              "availability_zone": "us-east-1c",
              "instance_private_ip": "10.1.103.226",
              "node_number": "0"
            },
            "volume_id": "vol-0c37478ad07a34070",
            "volume_size": 200
          }
        },
        {
          "index_key": 3,
          "schema_version": 0,
          "attributes": {
            "arn": "arn:aws:ec2:us-east-1::snapshot/snap-036a7efdc378b4840",
            "data_encryption_key_id": "",
            "description": "testSnapshot",
            "encrypted": false,
            "filter": [
              {
                "name": "tag:Name",
                "values": [
                  "data-vol-*"
                ]
              }
            ],
            "id": "snap-036a7efdc378b4840",
            "kms_key_id": "",
            "most_recent": true,
            "owner_alias": "",
            "owner_id": "888316214391",
            "owners": [
              "self"
            ],
            "restorable_by_user_ids": null,
            "snapshot_id": "snap-036a7efdc378b4840",
            "snapshot_ids": [
              "snap-036a7efdc378b4840"
            ],
            "state": "completed",
            "tags": {
              "Contact": "Carlos",
              "CostCode": "22519",
              "Description": "DEV Cassandra Cluster",
              "Environment": "dev",
              "Name": "data-vol-2",
              "Orchestration": "",
              "Product": "Parity",
              "SubProduct": "RR",
              "availability_zone": "us-east-1b",
              "instance_private_ip": "10.1.102.42",
              "node_number": "2"
            },
            "volume_id": "vol-004ad6cb9eec66bc1",
            "volume_size": 200
          }
        },
        {
          "index_key": 4,
          "schema_version": 0,
          "attributes": {
            "arn": "arn:aws:ec2:us-east-1::snapshot/snap-0e66633c3fffcbff9",
            "data_encryption_key_id": "",
            "description": "testSnapshot",
            "encrypted": false,
            "filter": [
              {
                "name": "tag:Name",
                "values": [
                  "data-vol-*"
                ]
              }
            ],
            "id": "snap-0e66633c3fffcbff9",
            "kms_key_id": "",
            "most_recent": true,
            "owner_alias": "",
            "owner_id": "888316214391",
            "owners": [
              "self"
            ],
            "restorable_by_user_ids": null,
            "snapshot_id": "snap-0e66633c3fffcbff9",
            "snapshot_ids": [
              "snap-0e66633c3fffcbff9"
            ],
            "state": "completed",
            "tags": {
              "Contact": "Carlos",
              "CostCode": "22519",
              "Description": "DEV Cassandra Cluster",
              "Environment": "dev",
              "Name": "data-vol-4",
              "Orchestration": "",
              "Product": "Parity",
              "SubProduct": "RR",
              "availability_zone": "us-east-1a",
              "instance_private_ip": "10.1.101.185",
              "node_number": "4"
            },
            "volume_id": "vol-0bdce385c345cf485",
            "volume_size": 200
          }
        },
        {
          "index_key": 5,
          "schema_version": 0,
          "attributes": {
            "arn": "arn:aws:ec2:us-east-1::snapshot/snap-0c85d7191a93d32ec",
            "data_encryption_key_id": "",
            "description": "testSnapshot",
            "encrypted": false,
            "filter": [
              {
                "name": "tag:Name",
                "values": [
                  "data-vol-*"
                ]
              }
            ],
            "id": "snap-0c85d7191a93d32ec",
            "kms_key_id": "",
            "most_recent": true,
            "owner_alias": "",
            "owner_id": "888316214391",
            "owners": [
              "self"
            ],
            "restorable_by_user_ids": null,
            "snapshot_id": "snap-0c85d7191a93d32ec",
            "snapshot_ids": [
              "snap-0c85d7191a93d32ec"
            ],
            "state": "completed",
            "tags": {
              "Contact": "Carlos",
              "CostCode": "22519",
              "Description": "DEV Cassandra Cluster",
              "Environment": "dev",
              "Name": "data-vol-1",
              "Orchestration": "",
              "Product": "Parity",
              "SubProduct": "RR",
              "availability_zone": "us-east-1a",
              "instance_private_ip": "10.1.101.194",
              "node_number": "1"
            },
            "volume_id": "vol-06a716eaec1daefc0",
            "volume_size": 200
          }
        }
      ]
    },
    {
      "mode": "data",
      "type": "aws_ebs_snapshot_ids",
      "name": "data_vols",
      "provider": "provider.aws",
      "instances": [
        {
          "schema_version": 0,
          "attributes": {
            "filter": [
              {
                "name": "tag:Name",
                "values": [
                  "data-vol-*"
                ]
              }
            ],
            "id": "3863744499",
            "ids": [
              "snap-08eaa3ab1839ead88",
              "snap-0156da96b0771bfc3",
              "snap-0a558e35e48274b58",
              "snap-036a7efdc378b4840",
              "snap-0e66633c3fffcbff9",
              "snap-0c85d7191a93d32ec"
            ],
            "owners": [
              "self"
            ],
            "restorable_by_user_ids": null
          }
        }
      ]
    },
    {
      "mode": "data",
      "type": "aws_instances",
      "name": "seeds",
      "provider": "provider.aws",
      "instances": [
        {
          "schema_version": 0,
          "attributes": {
            "filter": [
              {
                "name": "tag:node_number",
                "values": [
                  "0",
                  "1",
                  "2"
                ]
              },
              {
                "name": "tag:node_type",
                "values": [
                  "cassandra"
                ]
              }
            ],
            "id": "terraform-20200908055529304700000001",
            "ids": [
              "i-06f947fea02822e77",
              "i-07f8d96ec06da89a5",
              "i-076f83f488de00ee9"
            ],
            "instance_state_names": [
              "pending",
              "running",
              "stopped"
            ],
            "instance_tags": null,
            "private_ips": [
              "10.1.102.195",
              "10.1.103.183",
              "10.1.101.80"
            ],
            "public_ips": []
          }
        }
      ]
    },
    {
      "mode": "data",
      "type": "aws_subnet_ids",
      "name": "private_ids",
      "provider": "provider.aws",
      "instances": [
        {
          "schema_version": 0,
          "attributes": {
            "filter": [
              {
                "name": "tag:Tier",
                "values": [
                  "Private"
                ]
              }
            ],
            "id": "vpc-08fa759a37699abc0",
            "ids": [
              "subnet-0052d219e0e7518a8",
              "subnet-0459521482438fe0f",
              "subnet-0dd2232954d0da1ef"
            ],
            "tags": null,
            "vpc_id": "vpc-08fa759a37699abc0"
          }
        }
      ]
    },
    {
      "mode": "managed",
      "type": "aws_ebs_volume",
      "name": "customlog",
      "each": "list",
      "provider": "provider.aws",
      "instances": [
        {
          "index_key": 0,
          "schema_version": 0,
          "attributes": {
            "arn": "arn:aws:ec2:us-east-1:888316214391:volume/vol-0b213db77f1046996",
            "availability_zone": "us-east-1c",
            "encrypted": false,
            "id": "vol-0b213db77f1046996",
            "iops": 150,
            "kms_key_id": "",
            "multi_attach_enabled": false,
            "outpost_arn": "",
            "size": 50,
            "snapshot_id": "",
            "tags": null,
            "type": "gp2"
          },
          "private": "bnVsbA==",
          "dependencies": [
            "aws_instance.cassandra"
          ]
        },
        {
          "index_key": 1,
          "schema_version": 0,
          "attributes": {
            "arn": "arn:aws:ec2:us-east-1:888316214391:volume/vol-0554c136c5d199a05",
            "availability_zone": "us-east-1a",
            "encrypted": false,
            "id": "vol-0554c136c5d199a05",
            "iops": 150,
            "kms_key_id": "",
            "multi_attach_enabled": false,
            "outpost_arn": "",
            "size": 50,
            "snapshot_id": "",
            "tags": null,
            "type": "gp2"
          },
          "private": "bnVsbA==",
          "dependencies": [
            "aws_instance.cassandra"
          ]
        },
        {
          "index_key": 2,
          "schema_version": 0,
          "attributes": {
            "arn": "arn:aws:ec2:us-east-1:888316214391:volume/vol-067e188fb352e650b",
            "availability_zone": "us-east-1b",
            "encrypted": false,
            "id": "vol-067e188fb352e650b",
            "iops": 150,
            "kms_key_id": "",
            "multi_attach_enabled": false,
            "outpost_arn": "",
            "size": 50,
            "snapshot_id": "",
            "tags": null,
            "type": "gp2"
          },
          "private": "bnVsbA==",
          "dependencies": [
            "aws_instance.cassandra"
          ]
        },
        {
          "index_key": 3,
          "schema_version": 0,
          "attributes": {
            "arn": "arn:aws:ec2:us-east-1:888316214391:volume/vol-0cef60051fa582b76",
            "availability_zone": "us-east-1c",
            "encrypted": false,
            "id": "vol-0cef60051fa582b76",
            "iops": 150,
            "kms_key_id": "",
            "multi_attach_enabled": false,
            "outpost_arn": "",
            "size": 50,
            "snapshot_id": "",
            "tags": null,
            "type": "gp2"
          },
          "private": "bnVsbA==",
          "dependencies": [
            "aws_instance.cassandra"
          ]
        },
        {
          "index_key": 4,
          "schema_version": 0,
          "attributes": {
            "arn": "arn:aws:ec2:us-east-1:888316214391:volume/vol-05f5788993d8e4478",
            "availability_zone": "us-east-1a",
            "encrypted": false,
            "id": "vol-05f5788993d8e4478",
            "iops": 150,
            "kms_key_id": "",
            "multi_attach_enabled": false,
            "outpost_arn": "",
            "size": 50,
            "snapshot_id": "",
            "tags": null,
            "type": "gp2"
          },
          "private": "bnVsbA==",
          "dependencies": [
            "aws_instance.cassandra"
          ]
        },
        {
          "index_key": 5,
          "schema_version": 0,
          "attributes": {
            "arn": "arn:aws:ec2:us-east-1:888316214391:volume/vol-0cddf9fde3c39c12b",
            "availability_zone": "us-east-1b",
            "encrypted": false,
            "id": "vol-0cddf9fde3c39c12b",
            "iops": 150,
            "kms_key_id": "",
            "multi_attach_enabled": false,
            "outpost_arn": "",
            "size": 50,
            "snapshot_id": "",
            "tags": null,
            "type": "gp2"
          },
          "private": "bnVsbA==",
          "dependencies": [
            "aws_instance.cassandra"
          ]
        }
      ]
    },
    {
      "mode": "managed",
      "type": "aws_ebs_volume",
      "name": "data",
      "each": "list",
      "provider": "provider.aws",
      "instances": [
        {
          "index_key": 0,
          "schema_version": 0,
          "attributes": {
            "arn": "arn:aws:ec2:us-east-1:888316214391:volume/vol-07d167136a8973245",
            "availability_zone": "us-east-1c",
            "encrypted": false,
            "id": "vol-07d167136a8973245",
            "iops": 600,
            "kms_key_id": "",
            "multi_attach_enabled": false,
            "outpost_arn": "",
            "size": 200,
            "snapshot_id": "snap-0156da96b0771bfc3",
            "tags": null,
            "type": "gp2"
          },
          "private": "bnVsbA=="
        },
        {
          "index_key": 1,
          "schema_version": 0,
          "attributes": {
            "arn": "arn:aws:ec2:us-east-1:888316214391:volume/vol-09925a29d248a2edc",
            "availability_zone": "us-east-1b",
            "encrypted": false,
            "id": "vol-09925a29d248a2edc",
            "iops": 600,
            "kms_key_id": "",
            "multi_attach_enabled": false,
            "outpost_arn": "",
            "size": 200,
            "snapshot_id": "snap-036a7efdc378b4840",
            "tags": null,
            "type": "gp2"
          },
          "private": "bnVsbA=="
        },
        {
          "index_key": 2,
          "schema_version": 0,
          "attributes": {
            "arn": "arn:aws:ec2:us-east-1:888316214391:volume/vol-0f6eecf46d58e7972",
            "availability_zone": "us-east-1b",
            "encrypted": false,
            "id": "vol-0f6eecf46d58e7972",
            "iops": 600,
            "kms_key_id": "",
            "multi_attach_enabled": false,
            "outpost_arn": "",
            "size": 200,
            "snapshot_id": "snap-08eaa3ab1839ead88",
            "tags": null,
            "type": "gp2"
          },
          "private": "bnVsbA=="
        },
        {
          "index_key": 3,
          "schema_version": 0,
          "attributes": {
            "arn": "arn:aws:ec2:us-east-1:888316214391:volume/vol-03f991d984b638f1f",
            "availability_zone": "us-east-1c",
            "encrypted": false,
            "id": "vol-03f991d984b638f1f",
            "iops": 600,
            "kms_key_id": "",
            "multi_attach_enabled": false,
            "outpost_arn": "",
            "size": 200,
            "snapshot_id": "snap-0a558e35e48274b58",
            "tags": null,
            "type": "gp2"
          },
          "private": "bnVsbA=="
        },
        {
          "index_key": 4,
          "schema_version": 0,
          "attributes": {
            "arn": "arn:aws:ec2:us-east-1:888316214391:volume/vol-0b725f5354674dab1",
            "availability_zone": "us-east-1a",
            "encrypted": false,
            "id": "vol-0b725f5354674dab1",
            "iops": 600,
            "kms_key_id": "",
            "multi_attach_enabled": false,
            "outpost_arn": "",
            "size": 200,
            "snapshot_id": "snap-0c85d7191a93d32ec",
            "tags": null,
            "type": "gp2"
          },
          "private": "bnVsbA=="
        },
        {
          "index_key": 5,
          "schema_version": 0,
          "attributes": {
            "arn": "arn:aws:ec2:us-east-1:888316214391:volume/vol-0596186af97999c5b",
            "availability_zone": "us-east-1a",
            "encrypted": false,
            "id": "vol-0596186af97999c5b",
            "iops": 600,
            "kms_key_id": "",
            "multi_attach_enabled": false,
            "outpost_arn": "",
            "size": 200,
            "snapshot_id": "snap-0e66633c3fffcbff9",
            "tags": null,
            "type": "gp2"
          },
          "private": "bnVsbA=="
        }
      ]
    },
    {
      "mode": "managed",
      "type": "aws_instance",
      "name": "cassandra",
      "each": "list",
      "provider": "provider.aws",
      "instances": [
        {
          "index_key": 0,
          "schema_version": 1,
          "attributes": {
            "ami": "ami-043779f39e2a79393",
            "arn": "arn:aws:ec2:us-east-1:888316214391:instance/i-07f8d96ec06da89a5",
            "associate_public_ip_address": false,
            "availability_zone": "us-east-1c",
            "cpu_core_count": 4,
            "cpu_threads_per_core": 2,
            "credit_specification": [],
            "disable_api_termination": false,
            "ebs_block_device": [],
            "ebs_optimized": false,
            "ephemeral_block_device": [],
            "get_password_data": false,
            "hibernation": false,
            "host_id": null,
            "iam_instance_profile": "",
            "id": "i-07f8d96ec06da89a5",
            "instance_initiated_shutdown_behavior": null,
            "instance_state": "running",
            "instance_type": "r5.2xlarge",
            "ipv6_address_count": 0,
            "ipv6_addresses": [],
            "key_name": "ec2PublicKey2",
            "metadata_options": [
              {
                "http_endpoint": "enabled",
                "http_put_response_hop_limit": 1,
                "http_tokens": "optional"
              }
            ],
            "monitoring": false,
            "network_interface": [],
            "network_interface_id": null,
            "outpost_arn": "",
            "password_data": "",
            "placement_group": "",
            "primary_network_interface_id": "eni-0cc50d0481f7ecfcf",
            "private_dns": "ip-10-1-103-183.ec2.internal",
            "private_ip": "10.1.103.183",
            "public_dns": "",
            "public_ip": "",
            "root_block_device": [
              {
                "delete_on_termination": true,
                "device_name": "/dev/sda1",
                "encrypted": false,
                "iops": 300,
                "kms_key_id": "",
                "volume_id": "vol-022b98628943d3468",
                "volume_size": 100,
                "volume_type": "gp2"
              }
            ],
            "security_groups": [],
            "source_dest_check": true,
            "subnet_id": "subnet-0052d219e0e7518a8",
            "tags": {
              "name": "Carlos-Restore",
              "node_number": "0",
              "node_type": "cassandra"
            },
            "tenancy": "default",
            "timeouts": null,
            "user_data": null,
            "user_data_base64": null,
            "volume_tags": {},
            "vpc_security_group_ids": [
              "sg-054ee9bd1e66a9841"
            ]
          },
          "private": "eyJlMmJmYjczMC1lY2FhLTExZTYtOGY4OC0zNDM2M2JjN2M0YzAiOnsiY3JlYXRlIjo2MDAwMDAwMDAwMDAsImRlbGV0ZSI6MTIwMDAwMDAwMDAwMCwidXBkYXRlIjo2MDAwMDAwMDAwMDB9LCJzY2hlbWFfdmVyc2lvbiI6IjEifQ=="
        },
        {
          "index_key": 1,
          "schema_version": 1,
          "attributes": {
            "ami": "ami-043779f39e2a79393",
            "arn": "arn:aws:ec2:us-east-1:888316214391:instance/i-076f83f488de00ee9",
            "associate_public_ip_address": false,
            "availability_zone": "us-east-1a",
            "cpu_core_count": 4,
            "cpu_threads_per_core": 2,
            "credit_specification": [],
            "disable_api_termination": false,
            "ebs_block_device": [],
            "ebs_optimized": false,
            "ephemeral_block_device": [],
            "get_password_data": false,
            "hibernation": false,
            "host_id": null,
            "iam_instance_profile": "",
            "id": "i-076f83f488de00ee9",
            "instance_initiated_shutdown_behavior": null,
            "instance_state": "running",
            "instance_type": "r5.2xlarge",
            "ipv6_address_count": 0,
            "ipv6_addresses": [],
            "key_name": "ec2PublicKey2",
            "metadata_options": [
              {
                "http_endpoint": "enabled",
                "http_put_response_hop_limit": 1,
                "http_tokens": "optional"
              }
            ],
            "monitoring": false,
            "network_interface": [],
            "network_interface_id": null,
            "outpost_arn": "",
            "password_data": "",
            "placement_group": "",
            "primary_network_interface_id": "eni-0090c38fdb8eae991",
            "private_dns": "ip-10-1-101-80.ec2.internal",
            "private_ip": "10.1.101.80",
            "public_dns": "",
            "public_ip": "",
            "root_block_device": [
              {
                "delete_on_termination": true,
                "device_name": "/dev/sda1",
                "encrypted": false,
                "iops": 300,
                "kms_key_id": "",
                "volume_id": "vol-0c53020585bcf91ab",
                "volume_size": 100,
                "volume_type": "gp2"
              }
            ],
            "security_groups": [],
            "source_dest_check": true,
            "subnet_id": "subnet-0459521482438fe0f",
            "tags": {
              "name": "Carlos-Restore",
              "node_number": "1",
              "node_type": "cassandra"
            },
            "tenancy": "default",
            "timeouts": null,
            "user_data": null,
            "user_data_base64": null,
            "volume_tags": {},
            "vpc_security_group_ids": [
              "sg-054ee9bd1e66a9841"
            ]
          },
          "private": "eyJlMmJmYjczMC1lY2FhLTExZTYtOGY4OC0zNDM2M2JjN2M0YzAiOnsiY3JlYXRlIjo2MDAwMDAwMDAwMDAsImRlbGV0ZSI6MTIwMDAwMDAwMDAwMCwidXBkYXRlIjo2MDAwMDAwMDAwMDB9LCJzY2hlbWFfdmVyc2lvbiI6IjEifQ=="
        },
        {
          "index_key": 2,
          "schema_version": 1,
          "attributes": {
            "ami": "ami-043779f39e2a79393",
            "arn": "arn:aws:ec2:us-east-1:888316214391:instance/i-06f947fea02822e77",
            "associate_public_ip_address": false,
            "availability_zone": "us-east-1b",
            "cpu_core_count": 4,
            "cpu_threads_per_core": 2,
            "credit_specification": [],
            "disable_api_termination": false,
            "ebs_block_device": [],
            "ebs_optimized": false,
            "ephemeral_block_device": [],
            "get_password_data": false,
            "hibernation": false,
            "host_id": null,
            "iam_instance_profile": "",
            "id": "i-06f947fea02822e77",
            "instance_initiated_shutdown_behavior": null,
            "instance_state": "running",
            "instance_type": "r5.2xlarge",
            "ipv6_address_count": 0,
            "ipv6_addresses": [],
            "key_name": "ec2PublicKey2",
            "metadata_options": [
              {
                "http_endpoint": "enabled",
                "http_put_response_hop_limit": 1,
                "http_tokens": "optional"
              }
            ],
            "monitoring": false,
            "network_interface": [],
            "network_interface_id": null,
            "outpost_arn": "",
            "password_data": "",
            "placement_group": "",
            "primary_network_interface_id": "eni-07911492a659cf145",
            "private_dns": "ip-10-1-102-195.ec2.internal",
            "private_ip": "10.1.102.195",
            "public_dns": "",
            "public_ip": "",
            "root_block_device": [
              {
                "delete_on_termination": true,
                "device_name": "/dev/sda1",
                "encrypted": false,
                "iops": 300,
                "kms_key_id": "",
                "volume_id": "vol-0f3b8e35fe2e48dbc",
                "volume_size": 100,
                "volume_type": "gp2"
              }
            ],
            "security_groups": [],
            "source_dest_check": true,
            "subnet_id": "subnet-0dd2232954d0da1ef",
            "tags": {
              "name": "Carlos-Restore",
              "node_number": "2",
              "node_type": "cassandra"
            },
            "tenancy": "default",
            "timeouts": null,
            "user_data": null,
            "user_data_base64": null,
            "volume_tags": {},
            "vpc_security_group_ids": [
              "sg-054ee9bd1e66a9841"
            ]
          },
          "private": "eyJlMmJmYjczMC1lY2FhLTExZTYtOGY4OC0zNDM2M2JjN2M0YzAiOnsiY3JlYXRlIjo2MDAwMDAwMDAwMDAsImRlbGV0ZSI6MTIwMDAwMDAwMDAwMCwidXBkYXRlIjo2MDAwMDAwMDAwMDB9LCJzY2hlbWFfdmVyc2lvbiI6IjEifQ=="
        },
        {
          "index_key": 3,
          "schema_version": 1,
          "attributes": {
            "ami": "ami-043779f39e2a79393",
            "arn": "arn:aws:ec2:us-east-1:888316214391:instance/i-0bc257f1c3ad14eb3",
            "associate_public_ip_address": false,
            "availability_zone": "us-east-1c",
            "cpu_core_count": 4,
            "cpu_threads_per_core": 2,
            "credit_specification": [],
            "disable_api_termination": false,
            "ebs_block_device": [],
            "ebs_optimized": false,
            "ephemeral_block_device": [],
            "get_password_data": false,
            "hibernation": false,
            "host_id": null,
            "iam_instance_profile": "",
            "id": "i-0bc257f1c3ad14eb3",
            "instance_initiated_shutdown_behavior": null,
            "instance_state": "running",
            "instance_type": "r5.2xlarge",
            "ipv6_address_count": 0,
            "ipv6_addresses": [],
            "key_name": "ec2PublicKey2",
            "metadata_options": [
              {
                "http_endpoint": "enabled",
                "http_put_response_hop_limit": 1,
                "http_tokens": "optional"
              }
            ],
            "monitoring": false,
            "network_interface": [],
            "network_interface_id": null,
            "outpost_arn": "",
            "password_data": "",
            "placement_group": "",
            "primary_network_interface_id": "eni-09d66fb872f1a0d68",
            "private_dns": "ip-10-1-103-254.ec2.internal",
            "private_ip": "10.1.103.254",
            "public_dns": "",
            "public_ip": "",
            "root_block_device": [
              {
                "delete_on_termination": true,
                "device_name": "/dev/sda1",
                "encrypted": false,
                "iops": 300,
                "kms_key_id": "",
                "volume_id": "vol-0371f454030e87851",
                "volume_size": 100,
                "volume_type": "gp2"
              }
            ],
            "security_groups": [],
            "source_dest_check": true,
            "subnet_id": "subnet-0052d219e0e7518a8",
            "tags": {
              "name": "Carlos-Restore",
              "node_number": "3",
              "node_type": "cassandra"
            },
            "tenancy": "default",
            "timeouts": null,
            "user_data": null,
            "user_data_base64": null,
            "volume_tags": {},
            "vpc_security_group_ids": [
              "sg-054ee9bd1e66a9841"
            ]
          },
          "private": "eyJlMmJmYjczMC1lY2FhLTExZTYtOGY4OC0zNDM2M2JjN2M0YzAiOnsiY3JlYXRlIjo2MDAwMDAwMDAwMDAsImRlbGV0ZSI6MTIwMDAwMDAwMDAwMCwidXBkYXRlIjo2MDAwMDAwMDAwMDB9LCJzY2hlbWFfdmVyc2lvbiI6IjEifQ=="
        },
        {
          "index_key": 4,
          "schema_version": 1,
          "attributes": {
            "ami": "ami-043779f39e2a79393",
            "arn": "arn:aws:ec2:us-east-1:888316214391:instance/i-00836d793b0bd90b1",
            "associate_public_ip_address": false,
            "availability_zone": "us-east-1a",
            "cpu_core_count": 4,
            "cpu_threads_per_core": 2,
            "credit_specification": [],
            "disable_api_termination": false,
            "ebs_block_device": [],
            "ebs_optimized": false,
            "ephemeral_block_device": [],
            "get_password_data": false,
            "hibernation": false,
            "host_id": null,
            "iam_instance_profile": "",
            "id": "i-00836d793b0bd90b1",
            "instance_initiated_shutdown_behavior": null,
            "instance_state": "running",
            "instance_type": "r5.2xlarge",
            "ipv6_address_count": 0,
            "ipv6_addresses": [],
            "key_name": "ec2PublicKey2",
            "metadata_options": [
              {
                "http_endpoint": "enabled",
                "http_put_response_hop_limit": 1,
                "http_tokens": "optional"
              }
            ],
            "monitoring": false,
            "network_interface": [],
            "network_interface_id": null,
            "outpost_arn": "",
            "password_data": "",
            "placement_group": "",
            "primary_network_interface_id": "eni-0d81ae1d107084c51",
            "private_dns": "ip-10-1-101-97.ec2.internal",
            "private_ip": "10.1.101.97",
            "public_dns": "",
            "public_ip": "",
            "root_block_device": [
              {
                "delete_on_termination": true,
                "device_name": "/dev/sda1",
                "encrypted": false,
                "iops": 300,
                "kms_key_id": "",
                "volume_id": "vol-061af42baac94a16a",
                "volume_size": 100,
                "volume_type": "gp2"
              }
            ],
            "security_groups": [],
            "source_dest_check": true,
            "subnet_id": "subnet-0459521482438fe0f",
            "tags": {
              "name": "Carlos-Restore",
              "node_number": "4",
              "node_type": "cassandra"
            },
            "tenancy": "default",
            "timeouts": null,
            "user_data": null,
            "user_data_base64": null,
            "volume_tags": {},
            "vpc_security_group_ids": [
              "sg-054ee9bd1e66a9841"
            ]
          },
          "private": "eyJlMmJmYjczMC1lY2FhLTExZTYtOGY4OC0zNDM2M2JjN2M0YzAiOnsiY3JlYXRlIjo2MDAwMDAwMDAwMDAsImRlbGV0ZSI6MTIwMDAwMDAwMDAwMCwidXBkYXRlIjo2MDAwMDAwMDAwMDB9LCJzY2hlbWFfdmVyc2lvbiI6IjEifQ=="
        },
        {
          "index_key": 5,
          "schema_version": 1,
          "attributes": {
            "ami": "ami-043779f39e2a79393",
            "arn": "arn:aws:ec2:us-east-1:888316214391:instance/i-034561bb6c0a0305f",
            "associate_public_ip_address": false,
            "availability_zone": "us-east-1b",
            "cpu_core_count": 4,
            "cpu_threads_per_core": 2,
            "credit_specification": [],
            "disable_api_termination": false,
            "ebs_block_device": [],
            "ebs_optimized": false,
            "ephemeral_block_device": [],
            "get_password_data": false,
            "hibernation": false,
            "host_id": null,
            "iam_instance_profile": "",
            "id": "i-034561bb6c0a0305f",
            "instance_initiated_shutdown_behavior": null,
            "instance_state": "running",
            "instance_type": "r5.2xlarge",
            "ipv6_address_count": 0,
            "ipv6_addresses": [],
            "key_name": "ec2PublicKey2",
            "metadata_options": [
              {
                "http_endpoint": "enabled",
                "http_put_response_hop_limit": 1,
                "http_tokens": "optional"
              }
            ],
            "monitoring": false,
            "network_interface": [],
            "network_interface_id": null,
            "outpost_arn": "",
            "password_data": "",
            "placement_group": "",
            "primary_network_interface_id": "eni-082dbbe826b07f671",
            "private_dns": "ip-10-1-102-209.ec2.internal",
            "private_ip": "10.1.102.209",
            "public_dns": "",
            "public_ip": "",
            "root_block_device": [
              {
                "delete_on_termination": true,
                "device_name": "/dev/sda1",
                "encrypted": false,
                "iops": 300,
                "kms_key_id": "",
                "volume_id": "vol-0797b83bff51d8354",
                "volume_size": 100,
                "volume_type": "gp2"
              }
            ],
            "security_groups": [],
            "source_dest_check": true,
            "subnet_id": "subnet-0dd2232954d0da1ef",
            "tags": {
              "name": "Carlos-Restore",
              "node_number": "5",
              "node_type": "cassandra"
            },
            "tenancy": "default",
            "timeouts": null,
            "user_data": null,
            "user_data_base64": null,
            "volume_tags": {},
            "vpc_security_group_ids": [
              "sg-054ee9bd1e66a9841"
            ]
          },
          "private": "eyJlMmJmYjczMC1lY2FhLTExZTYtOGY4OC0zNDM2M2JjN2M0YzAiOnsiY3JlYXRlIjo2MDAwMDAwMDAwMDAsImRlbGV0ZSI6MTIwMDAwMDAwMDAwMCwidXBkYXRlIjo2MDAwMDAwMDAwMDB9LCJzY2hlbWFfdmVyc2lvbiI6IjEifQ=="
        }
      ]
    },
    {
      "mode": "managed",
      "type": "aws_volume_attachment",
      "name": "customlog",
      "each": "list",
      "provider": "provider.aws",
      "instances": [
        {
          "index_key": 0,
          "schema_version": 0,
          "attributes": {
            "device_name": "/dev/sdl",
            "force_detach": null,
            "id": "vai-1167371831",
            "instance_id": "i-07f8d96ec06da89a5",
            "skip_destroy": null,
            "volume_id": "vol-0b213db77f1046996"
          },
          "private": "bnVsbA==",
          "dependencies": [
            "aws_ebs_volume.customlog",
            "aws_instance.cassandra"
          ]
        },
        {
          "index_key": 1,
          "schema_version": 0,
          "attributes": {
            "device_name": "/dev/sdl",
            "force_detach": null,
            "id": "vai-2349434864",
            "instance_id": "i-076f83f488de00ee9",
            "skip_destroy": null,
            "volume_id": "vol-0554c136c5d199a05"
          },
          "private": "bnVsbA==",
          "dependencies": [
            "aws_ebs_volume.customlog",
            "aws_instance.cassandra"
          ]
        },
        {
          "index_key": 2,
          "schema_version": 0,
          "attributes": {
            "device_name": "/dev/sdl",
            "force_detach": null,
            "id": "vai-1964991014",
            "instance_id": "i-06f947fea02822e77",
            "skip_destroy": null,
            "volume_id": "vol-067e188fb352e650b"
          },
          "private": "bnVsbA==",
          "dependencies": [
            "aws_ebs_volume.customlog",
            "aws_instance.cassandra"
          ]
        },
        {
          "index_key": 3,
          "schema_version": 0,
          "attributes": {
            "device_name": "/dev/sdl",
            "force_detach": null,
            "id": "vai-2501766456",
            "instance_id": "i-0bc257f1c3ad14eb3",
            "skip_destroy": null,
            "volume_id": "vol-0cef60051fa582b76"
          },
          "private": "bnVsbA==",
          "dependencies": [
            "aws_ebs_volume.customlog",
            "aws_instance.cassandra"
          ]
        },
        {
          "index_key": 4,
          "schema_version": 0,
          "attributes": {
            "device_name": "/dev/sdl",
            "force_detach": null,
            "id": "vai-1737170469",
            "instance_id": "i-00836d793b0bd90b1",
            "skip_destroy": null,
            "volume_id": "vol-05f5788993d8e4478"
          },
          "private": "bnVsbA==",
          "dependencies": [
            "aws_ebs_volume.customlog",
            "aws_instance.cassandra"
          ]
        },
        {
          "index_key": 5,
          "schema_version": 0,
          "attributes": {
            "device_name": "/dev/sdl",
            "force_detach": null,
            "id": "vai-1286014841",
            "instance_id": "i-034561bb6c0a0305f",
            "skip_destroy": null,
            "volume_id": "vol-0cddf9fde3c39c12b"
          },
          "private": "bnVsbA==",
          "dependencies": [
            "aws_ebs_volume.customlog",
            "aws_instance.cassandra"
          ]
        }
      ]
    },
    {
      "mode": "managed",
      "type": "aws_volume_attachment",
      "name": "data",
      "each": "list",
      "provider": "provider.aws",
      "instances": [
        {
          "index_key": 0,
          "schema_version": 0,
          "attributes": {
            "device_name": "/dev/sdd",
            "force_detach": null,
            "id": "vai-2600400399",
            "instance_id": "i-07f8d96ec06da89a5",
            "skip_destroy": null,
            "volume_id": "vol-07d167136a8973245"
          },
          "private": "bnVsbA==",
          "dependencies": [
            "aws_ebs_volume.data",
            "aws_instance.cassandra"
          ]
        },
        {
          "index_key": 1,
          "schema_version": 0,
          "attributes": {
            "device_name": "/dev/sdd",
            "force_detach": null,
            "id": "vai-1549242337",
            "instance_id": "i-076f83f488de00ee9",
            "skip_destroy": null,
            "volume_id": "vol-0b725f5354674dab1"
          },
          "private": "bnVsbA==",
          "dependencies": [
            "aws_ebs_volume.data",
            "aws_instance.cassandra"
          ]
        },
        {
          "index_key": 2,
          "schema_version": 0,
          "attributes": {
            "device_name": "/dev/sdd",
            "force_detach": null,
            "id": "vai-1064869293",
            "instance_id": "i-06f947fea02822e77",
            "skip_destroy": null,
            "volume_id": "vol-09925a29d248a2edc"
          },
          "private": "bnVsbA==",
          "dependencies": [
            "aws_ebs_volume.data",
            "aws_instance.cassandra"
          ]
        },
        {
          "index_key": 3,
          "schema_version": 0,
          "attributes": {
            "device_name": "/dev/sdd",
            "force_detach": null,
            "id": "vai-376690925",
            "instance_id": "i-0bc257f1c3ad14eb3",
            "skip_destroy": null,
            "volume_id": "vol-03f991d984b638f1f"
          },
          "private": "bnVsbA==",
          "dependencies": [
            "aws_ebs_volume.data",
            "aws_instance.cassandra"
          ]
        },
        {
          "index_key": 4,
          "schema_version": 0,
          "attributes": {
            "device_name": "/dev/sdd",
            "force_detach": null,
            "id": "vai-1606568134",
            "instance_id": "i-00836d793b0bd90b1",
            "skip_destroy": null,
            "volume_id": "vol-0596186af97999c5b"
          },
          "private": "bnVsbA==",
          "dependencies": [
            "aws_ebs_volume.data",
            "aws_instance.cassandra"
          ]
        },
        {
          "index_key": 5,
          "schema_version": 0,
          "attributes": {
            "device_name": "/dev/sdd",
            "force_detach": null,
            "id": "vai-3916699771",
            "instance_id": "i-034561bb6c0a0305f",
            "skip_destroy": null,
            "volume_id": "vol-0f6eecf46d58e7972"
          },
          "private": "bnVsbA==",
          "dependencies": [
            "aws_ebs_volume.data",
            "aws_instance.cassandra"
          ]
        }
      ]
    },
    {
      "mode": "managed",
      "type": "null_resource",
      "name": "configure_cassandra",
      "each": "list",
      "provider": "provider.null",
      "instances": [
        {
          "index_key": 0,
          "schema_version": 0,
          "attributes": {
            "id": "2000710438642917521",
            "triggers": {
              "cluster_instance_ids": "i-07f8d96ec06da89a5,i-076f83f488de00ee9,i-06f947fea02822e77,i-0bc257f1c3ad14eb3,i-00836d793b0bd90b1,i-034561bb6c0a0305f"
            }
          },
          "private": "bnVsbA==",
          "dependencies": [
            "aws_ebs_volume.customlog",
            "aws_instance.cassandra",
            "aws_volume_attachment.customlog"
          ]
        },
        {
          "index_key": 1,
          "schema_version": 0,
          "attributes": {
            "id": "630129314834812959",
            "triggers": {
              "cluster_instance_ids": "i-07f8d96ec06da89a5,i-076f83f488de00ee9,i-06f947fea02822e77,i-0bc257f1c3ad14eb3,i-00836d793b0bd90b1,i-034561bb6c0a0305f"
            }
          },
          "private": "bnVsbA==",
          "dependencies": [
            "aws_ebs_volume.customlog",
            "aws_instance.cassandra",
            "aws_volume_attachment.customlog"
          ]
        },
        {
          "index_key": 2,
          "schema_version": 0,
          "attributes": {
            "id": "8470828572748982375",
            "triggers": {
              "cluster_instance_ids": "i-07f8d96ec06da89a5,i-076f83f488de00ee9,i-06f947fea02822e77,i-0bc257f1c3ad14eb3,i-00836d793b0bd90b1,i-034561bb6c0a0305f"
            }
          },
          "private": "bnVsbA==",
          "dependencies": [
            "aws_ebs_volume.customlog",
            "aws_instance.cassandra",
            "aws_volume_attachment.customlog"
          ]
        },
        {
          "index_key": 3,
          "schema_version": 0,
          "attributes": {
            "id": "1389434160559540741",
            "triggers": {
              "cluster_instance_ids": "i-07f8d96ec06da89a5,i-076f83f488de00ee9,i-06f947fea02822e77,i-0bc257f1c3ad14eb3,i-00836d793b0bd90b1,i-034561bb6c0a0305f"
            }
          },
          "private": "bnVsbA==",
          "dependencies": [
            "aws_ebs_volume.customlog",
            "aws_instance.cassandra",
            "aws_volume_attachment.customlog"
          ]
        },
        {
          "index_key": 4,
          "schema_version": 0,
          "attributes": {
            "id": "1921584066710542716",
            "triggers": {
              "cluster_instance_ids": "i-07f8d96ec06da89a5,i-076f83f488de00ee9,i-06f947fea02822e77,i-0bc257f1c3ad14eb3,i-00836d793b0bd90b1,i-034561bb6c0a0305f"
            }
          },
          "private": "bnVsbA==",
          "dependencies": [
            "aws_ebs_volume.customlog",
            "aws_instance.cassandra",
            "aws_volume_attachment.customlog"
          ]
        },
        {
          "index_key": 5,
          "schema_version": 0,
          "attributes": {
            "id": "3832728553399130983",
            "triggers": {
              "cluster_instance_ids": "i-07f8d96ec06da89a5,i-076f83f488de00ee9,i-06f947fea02822e77,i-0bc257f1c3ad14eb3,i-00836d793b0bd90b1,i-034561bb6c0a0305f"
            }
          },
          "private": "bnVsbA==",
          "dependencies": [
            "aws_ebs_volume.customlog",
            "aws_instance.cassandra",
            "aws_volume_attachment.customlog"
          ]
        }
      ]
    },
    {
      "mode": "managed",
      "type": "null_resource",
      "name": "start_cluster",
      "each": "list",
      "provider": "provider.null",
      "instances": [
        {
          "index_key": 0,
          "schema_version": 0,
          "attributes": {
            "id": "2156098665366050378",
            "triggers": {
              "cluster_instance_ids": "i-07f8d96ec06da89a5,i-076f83f488de00ee9,i-06f947fea02822e77,i-0bc257f1c3ad14eb3,i-00836d793b0bd90b1,i-034561bb6c0a0305f"
            }
          },
          "private": "bnVsbA==",
          "dependencies": [
            "aws_ebs_volume.customlog",
            "aws_instance.cassandra",
            "aws_volume_attachment.customlog",
            "null_resource.configure_cassandra",
            "null_resource.start_seed"
          ]
        },
        {
          "index_key": 1,
          "schema_version": 0,
          "attributes": {
            "id": "5983685032315016043",
            "triggers": {
              "cluster_instance_ids": "i-07f8d96ec06da89a5,i-076f83f488de00ee9,i-06f947fea02822e77,i-0bc257f1c3ad14eb3,i-00836d793b0bd90b1,i-034561bb6c0a0305f"
            }
          },
          "private": "bnVsbA==",
          "dependencies": [
            "aws_ebs_volume.customlog",
            "aws_instance.cassandra",
            "aws_volume_attachment.customlog",
            "null_resource.configure_cassandra",
            "null_resource.start_seed"
          ]
        },
        {
          "index_key": 2,
          "schema_version": 0,
          "attributes": {
            "id": "13192080393907858",
            "triggers": {
              "cluster_instance_ids": "i-07f8d96ec06da89a5,i-076f83f488de00ee9,i-06f947fea02822e77,i-0bc257f1c3ad14eb3,i-00836d793b0bd90b1,i-034561bb6c0a0305f"
            }
          },
          "private": "bnVsbA==",
          "dependencies": [
            "aws_ebs_volume.customlog",
            "aws_instance.cassandra",
            "aws_volume_attachment.customlog",
            "null_resource.configure_cassandra",
            "null_resource.start_seed"
          ]
        },
        {
          "index_key": 3,
          "schema_version": 0,
          "attributes": {
            "id": "3589163378438038366",
            "triggers": {
              "cluster_instance_ids": "i-07f8d96ec06da89a5,i-076f83f488de00ee9,i-06f947fea02822e77,i-0bc257f1c3ad14eb3,i-00836d793b0bd90b1,i-034561bb6c0a0305f"
            }
          },
          "private": "bnVsbA==",
          "dependencies": [
            "aws_ebs_volume.customlog",
            "aws_instance.cassandra",
            "aws_volume_attachment.customlog",
            "null_resource.configure_cassandra",
            "null_resource.start_seed"
          ]
        },
        {
          "index_key": 4,
          "schema_version": 0,
          "attributes": {
            "id": "5819319313977651353",
            "triggers": {
              "cluster_instance_ids": "i-07f8d96ec06da89a5,i-076f83f488de00ee9,i-06f947fea02822e77,i-0bc257f1c3ad14eb3,i-00836d793b0bd90b1,i-034561bb6c0a0305f"
            }
          },
          "private": "bnVsbA==",
          "dependencies": [
            "aws_ebs_volume.customlog",
            "aws_instance.cassandra",
            "aws_volume_attachment.customlog",
            "null_resource.configure_cassandra",
            "null_resource.start_seed"
          ]
        },
        {
          "index_key": 5,
          "schema_version": 0,
          "attributes": {
            "id": "7051890500589702470",
            "triggers": {
              "cluster_instance_ids": "i-07f8d96ec06da89a5,i-076f83f488de00ee9,i-06f947fea02822e77,i-0bc257f1c3ad14eb3,i-00836d793b0bd90b1,i-034561bb6c0a0305f"
            }
          },
          "private": "bnVsbA==",
          "dependencies": [
            "aws_ebs_volume.customlog",
            "aws_instance.cassandra",
            "aws_volume_attachment.customlog",
            "null_resource.configure_cassandra",
            "null_resource.start_seed"
          ]
        }
      ]
    },
    {
      "mode": "managed",
      "type": "null_resource",
      "name": "start_seed",
      "provider": "provider.null",
      "instances": [
        {
          "schema_version": 0,
          "attributes": {
            "id": "5579247652825637422",
            "triggers": {
              "cluster_instance_ids": "i-07f8d96ec06da89a5,i-076f83f488de00ee9,i-06f947fea02822e77,i-0bc257f1c3ad14eb3,i-00836d793b0bd90b1,i-034561bb6c0a0305f"
            }
          },
          "private": "bnVsbA==",
          "dependencies": [
            "aws_ebs_volume.customlog",
            "aws_instance.cassandra",
            "aws_volume_attachment.customlog",
            "null_resource.configure_cassandra"
          ]
        }
      ]
    }
  ]
}
